
Microsoft Visual Studio Solution File, Format Version 12.00
# Visual Studio Version 17
VisualStudioVersion = 17.4.33205.214
MinimumVisualStudioVersion = 10.0.40219.1
Project("{8BC9CEB8-8B4A-11D0-8D11-00A0C91BC942}") = "assem_cw_utf8_to_utf16", "assem_cw_utf8_to_utf16\assem_cw_utf8_to_utf16.vcxproj", "{FE72AFA0-CA58-4773-A406-BAFE2DABC977}"
EndProject
Global
	GlobalSection(SolutionConfigurationPlatforms) = preSolution
		Debug|x64 = Debug|x64
		Debug|x86 = Debug|x86
		Release|x64 = Release|x64
		Release|x86 = Release|x86
	EndGlobalSection
	GlobalSection(ProjectConfigurationPlatforms) = postSolution
		{FE72AFA0-CA58-4773-A406-BAFE2DABC977}.Debug|x64.ActiveCfg = Debug|x64
		{FE72AFA0-CA58-4773-A406-BAFE2DABC977}.Debug|x64.Build.0 = Debug|x64
		{FE72AFA0-CA58-4773-A406-BAFE2DABC977}.Debug|x86.ActiveCfg = Debug|Win32
		{FE72AFA0-CA58-4773-A406-BAFE2DABC977}.Debug|x86.Build.0 = Debug|Win32
		{FE72AFA0-CA58-4773-A406-BAFE2DABC977}.Release|x64.ActiveCfg = Release|x64
		{FE72AFA0-CA58-4773-A406-BAFE2DABC977}.Release|x64.Build.0 = Release|x64
		{FE72AFA0-CA58-4773-A406-BAFE2DABC977}.Release|x86.ActiveCfg = Release|Win32
		{FE72AFA0-CA58-4773-A406-BAFE2DABC977}.Release|x86.Build.0 = Release|Win32
	EndGlobalSection
	GlobalSection(SolutionProperties) = preSolution
		HideSolutionNode = FALSE
	EndGlobalSection
	GlobalSection(ExtensibilityGlobals) = postSolution
		SolutionGuid = {6786FA4D-003A-46FA-86AB-3B491C8F80B1}
	EndGlobalSection
EndGlobal
